
Microsoft Visual Studio Solution File, Format Version 12.00
# Visual Studio 14
VisualStudioVersion = 14.0.23107.0
MinimumVisualStudioVersion = 10.0.40219.1
Project("{FAE04EC0-301F-11D3-BF4B-00C04F79EFBC}") = "Nancy.MediatR", "Nancy.MediatR\Nancy.MediatR.csproj", "{F75250E2-55E5-4575-84B7-AC07231F1ECE}"
EndProject
Project("{FAE04EC0-301F-11D3-BF4B-00C04F79EFBC}") = "Nancy.MediatR.Example", "Nancy.MediatR.Example\Nancy.MediatR.Example.csproj", "{27436D36-7D66-49A6-82F1-B471D9299C9A}"
EndProject
Project("{FAE04EC0-301F-11D3-BF4B-00C04F79EFBC}") = "Nancy.MediatR.Tests", "Nancy.MediatR.Tests\Nancy.MediatR.Tests.csproj", "{8737267B-1360-48C8-A311-9CA995CA58E2}"
EndProject
Global
	GlobalSection(SolutionConfigurationPlatforms) = preSolution
		Debug|Any CPU = Debug|Any CPU
		Release|Any CPU = Release|Any CPU
	EndGlobalSection
	GlobalSection(ProjectConfigurationPlatforms) = postSolution
		{F75250E2-55E5-4575-84B7-AC07231F1ECE}.Debug|Any CPU.ActiveCfg = Debug|Any CPU
		{F75250E2-55E5-4575-84B7-AC07231F1ECE}.Debug|Any CPU.Build.0 = Debug|Any CPU
		{F75250E2-55E5-4575-84B7-AC07231F1ECE}.Release|Any CPU.ActiveCfg = Release|Any CPU
		{F75250E2-55E5-4575-84B7-AC07231F1ECE}.Release|Any CPU.Build.0 = Release|Any CPU
		{27436D36-7D66-49A6-82F1-B471D9299C9A}.Debug|Any CPU.ActiveCfg = Debug|Any CPU
		{27436D36-7D66-49A6-82F1-B471D9299C9A}.Debug|Any CPU.Build.0 = Debug|Any CPU
		{27436D36-7D66-49A6-82F1-B471D9299C9A}.Release|Any CPU.ActiveCfg = Release|Any CPU
		{27436D36-7D66-49A6-82F1-B471D9299C9A}.Release|Any CPU.Build.0 = Release|Any CPU
		{8737267B-1360-48C8-A311-9CA995CA58E2}.Debug|Any CPU.ActiveCfg = Debug|Any CPU
		{8737267B-1360-48C8-A311-9CA995CA58E2}.Debug|Any CPU.Build.0 = Debug|Any CPU
		{8737267B-1360-48C8-A311-9CA995CA58E2}.Release|Any CPU.ActiveCfg = Release|Any CPU
		{8737267B-1360-48C8-A311-9CA995CA58E2}.Release|Any CPU.Build.0 = Release|Any CPU
	EndGlobalSection
	GlobalSection(SolutionProperties) = preSolution
		HideSolutionNode = FALSE
	EndGlobalSection
EndGlobal
